// !$*UTF8*$!
{
	archiveVersion = 1;
	classes = {
	};
	objectVersion = 50;
	objects = {

/* Begin PBXBuildFile section */
		B8B9D1662180149800A4022D /* AppDelegate.swift in Sources */ = {isa = PBXBuildFile; fileRef = B8B9D1652180149800A4022D /* AppDelegate.swift */; };
		B8B9D1682180149800A4022D /* ViewController.swift in Sources */ = {isa = PBXBuildFile; fileRef = B8B9D1672180149800A4022D /* ViewController.swift */; };
		B8B9D16B2180149800A4022D /* Main.storyboard in Resources */ = {isa = PBXBuildFile; fileRef = B8B9D1692180149800A4022D /* Main.storyboard */; };
		B8B9D16D2180149A00A4022D /* Assets.xcassets in Resources */ = {isa = PBXBuildFile; fileRef = B8B9D16C2180149A00A4022D /* Assets.xcassets */; };
		B8B9D1702180149A00A4022D /* LaunchScreen.storyboard in Resources */ = {isa = PBXBuildFile; fileRef = B8B9D16E2180149A00A4022D /* LaunchScreen.storyboard */; };
		B8B9D17B2180149A00A4022D /* ikidTests.swift in Sources */ = {isa = PBXBuildFile; fileRef = B8B9D17A2180149A00A4022D /* ikidTests.swift */; };
		B8B9D1862180149A00A4022D /* ikidUITests.swift in Sources */ = {isa = PBXBuildFile; fileRef = B8B9D1852180149A00A4022D /* ikidUITests.swift */; };
		B8B9D1962180250E00A4022D /* JokeViewController.swift in Sources */ = {isa = PBXBuildFile; fileRef = B8B9D1952180250E00A4022D /* JokeViewController.swift */; };
/* End PBXBuildFile section */

/* Begin PBXContainerItemProxy section */
		B8B9D1772180149A00A4022D /* PBXContainerItemProxy */ = {
			isa = PBXContainerItemProxy;
			containerPortal = B8B9D15A2180149800A4022D /* Project object */;
			proxyType = 1;
			remoteGlobalIDString = B8B9D1612180149800A4022D;
			remoteInfo = ikid;
		};
		B8B9D1822180149A00A4022D /* PBXContainerItemProxy */ = {
			isa = PBXContainerItemProxy;
			containerPortal = B8B9D15A2180149800A4022D /* Project object */;
			proxyType = 1;
			remoteGlobalIDString = B8B9D1612180149800A4022D;
			remoteInfo = ikid;
		};
/* End PBXContainerItemProxy section */

/* Begin PBXFileReference section */
		B8B9D1622180149800A4022D /* ikid.app */ = {isa = PBXFileReference; explicitFileType = wrapper.application; includeInIndex = 0; path = ikid.app; sourceTree = BUILT_PRODUCTS_DIR; };
		B8B9D1652180149800A4022D /* AppDelegate.swift */ = {isa = PBXFileReference; lastKnownFileType = sourcecode.swift; path = AppDelegate.swift; sourceTree = "<group>"; };
		B8B9D1672180149800A4022D /* ViewController.swift */ = {isa = PBXFileReference; lastKnownFileType = sourcecode.swift; path = ViewController.swift; sourceTree = "<group>"; };
		B8B9D16A2180149800A4022D /* Base */ = {isa = PBXFileReference; lastKnownFileType = file.storyboard; name = Base; path = Base.lproj/Main.storyboard; sourceTree = "<group>"; };
		B8B9D16C2180149A00A4022D /* Assets.xcassets */ = {isa = PBXFileReference; lastKnownFileType = folder.assetcatalog; path = Assets.xcassets; sourceTree = "<group>"; };
		B8B9D16F2180149A00A4022D /* Base */ = {isa = PBXFileReference; lastKnownFileType = file.storyboard; name = Base; path = Base.lproj/LaunchScreen.storyboard; sourceTree = "<group>"; };
		B8B9D1712180149A00A4022D /* Info.plist */ = {isa = PBXFileReference; lastKnownFileType = text.plist.xml; path = Info.plist; sourceTree = "<group>"; };
		B8B9D1762180149A00A4022D /* ikidTests.xctest */ = {isa = PBXFileReference; explicitFileType = wrapper.cfbundle; includeInIndex = 0; path = ikidTests.xctest; sourceTree = BUILT_PRODUCTS_DIR; };
		B8B9D17A2180149A00A4022D /* ikidTests.swift */ = {isa = PBXFileReference; lastKnownFileType = sourcecode.swift; path = ikidTests.swift; sourceTree = "<group>"; };
		B8B9D17C2180149A00A4022D /* Info.plist */ = {isa = PBXFileReference; lastKnownFileType = text.plist.xml; path = Info.plist; sourceTree = "<group>"; };
		B8B9D1812180149A00A4022D /* ikidUITests.xctest */ = {isa = PBXFileReference; explicitFileType = wrapper.cfbundle; includeInIndex = 0; path = ikidUITests.xctest; sourceTree = BUILT_PRODUCTS_DIR; };
		B8B9D1852180149A00A4022D /* ikidUITests.swift */ = {isa = PBXFileReference; lastKnownFileType = sourcecode.swift; path = ikidUITests.swift; sourceTree = "<group>"; };
		B8B9D1872180149A00A4022D /* Info.plist */ = {isa = PBXFileReference; lastKnownFileType = text.plist.xml; path = Info.plist; sourceTree = "<group>"; };
		B8B9D1952180250E00A4022D /* JokeViewController.swift */ = {isa = PBXFileReference; lastKnownFileType = sourcecode.swift; path = JokeViewController.swift; sourceTree = "<group>"; };
/* End PBXFileReference section */

/* Begin PBXFrameworksBuildPhase section */
		B8B9D15F2180149800A4022D /* Frameworks */ = {
			isa = PBXFrameworksBuildPhase;
			buildActionMask = 2147483647;
			files = (
			);
			runOnlyForDeploymentPostprocessing = 0;
		};
		B8B9D1732180149A00A4022D /* Frameworks */ = {
			isa = PBXFrameworksBuildPhase;
			buildActionMask = 2147483647;
			files = (
			);
			runOnlyForDeploymentPostprocessing = 0;
		};
		B8B9D17E2180149A00A4022D /* Frameworks */ = {
			isa = PBXFrameworksBuildPhase;
			buildActionMask = 2147483647;
			files = (
			);
			runOnlyForDeploymentPostprocessing = 0;
		};
/* End PBXFrameworksBuildPhase section */

/* Begin PBXGroup section */
		B8B9D1592180149800A4022D = {
			isa = PBXGroup;
			children = (
				B8B9D1642180149800A4022D /* ikid */,
				B8B9D1792180149A00A4022D /* ikidTests */,
				B8B9D1842180149A00A4022D /* ikidUITests */,
				B8B9D1632180149800A4022D /* Products */,
			);
			sourceTree = "<group>";
		};
		B8B9D1632180149800A4022D /* Products */ = {
			isa = PBXGroup;
			children = (
				B8B9D1622180149800A4022D /* ikid.app */,
				B8B9D1762180149A00A4022D /* ikidTests.xctest */,
				B8B9D1812180149A00A4022D /* ikidUITests.xctest */,
			);
			name = Products;
			sourceTree = "<group>";
		};
		B8B9D1642180149800A4022D /* ikid */ = {
			isa = PBXGroup;
			children = (
				B8B9D1652180149800A4022D /* AppDelegate.swift */,
				B8B9D1672180149800A4022D /* ViewController.swift */,
				B8B9D1692180149800A4022D /* Main.storyboard */,
				B8B9D16C2180149A00A4022D /* Assets.xcassets */,
				B8B9D16E2180149A00A4022D /* LaunchScreen.storyboard */,
				B8B9D1712180149A00A4022D /* Info.plist */,
				B8B9D1952180250E00A4022D /* JokeViewController.swift */,
			);
			path = ikid;
			sourceTree = "<group>";
		};
		B8B9D1792180149A00A4022D /* ikidTests */ = {
			isa = PBXGroup;
			children = (
				B8B9D17A2180149A00A4022D /* ikidTests.swift */,
				B8B9D17C2180149A00A4022D /* Info.plist */,
			);
			path = ikidTests;
			sourceTree = "<group>";
		};
		B8B9D1842180149A00A4022D /* ikidUITests */ = {
			isa = PBXGroup;
			children = (
				B8B9D1852180149A00A4022D /* ikidUITests.swift */,
				B8B9D1872180149A00A4022D /* Info.plist */,
			);
			path = ikidUITests;
			sourceTree = "<group>";
		};
/* End PBXGroup section */

/* Begin PBXNativeTarget section */
		B8B9D1612180149800A4022D /* ikid */ = {
			isa = PBXNativeTarget;
			buildConfigurationList = B8B9D18A2180149A00A4022D /* Build configuration list for PBXNativeTarget "ikid" */;
			buildPhases = (
				B8B9D15E2180149800A4022D /* Sources */,
				B8B9D15F2180149800A4022D /* Frameworks */,
				B8B9D1602180149800A4022D /* Resources */,
			);
			buildRules = (
			);
			dependencies = (
			);
			name = ikid;
			productName = ikid;
			productReference = B8B9D1622180149800A4022D /* ikid.app */;
			productType = "com.apple.product-type.application";
		};
		B8B9D1752180149A00A4022D /* ikidTests */ = {
			isa = PBXNativeTarget;
			buildConfigurationList = B8B9D18D2180149A00A4022D /* Build configuration list for PBXNativeTarget "ikidTests" */;
			buildPhases = (
				B8B9D1722180149A00A4022D /* Sources */,
				B8B9D1732180149A00A4022D /* Frameworks */,
				B8B9D1742180149A00A4022D /* Resources */,
			);
			buildRules = (
			);
			dependencies = (
				B8B9D1782180149A00A4022D /* PBXTargetDependency */,
			);
			name = ikidTests;
			productName = ikidTests;
			productReference = B8B9D1762180149A00A4022D /* ikidTests.xctest */;
			productType = "com.apple.product-type.bundle.unit-test";
		};
		B8B9D1802180149A00A4022D /* ikidUITests */ = {
			isa = PBXNativeTarget;
			buildConfigurationList = B8B9D1902180149A00A4022D /* Build configuration list for PBXNativeTarget "ikidUITests" */;
			buildPhases = (
				B8B9D17D2180149A00A4022D /* Sources */,
				B8B9D17E2180149A00A4022D /* Frameworks */,
				B8B9D17F2180149A00A4022D /* Resources */,
			);
			buildRules = (
			);
			dependencies = (
				B8B9D1832180149A00A4022D /* PBXTargetDependency */,
			);
			name = ikidUITests;
			productName = ikidUITests;
			productReference = B8B9D1812180149A00A4022D /* ikidUITests.xctest */;
			productType = "com.apple.product-type.bundle.ui-testing";
		};
/* End PBXNativeTarget section */

/* Begin PBXProject section */
		B8B9D15A2180149800A4022D /* Project object */ = {
			isa = PBXProject;
			attributes = {
				LastSwiftUpdateCheck = 1000;
				LastUpgradeCheck = 1000;
				ORGANIZATIONNAME = "Tejveer Rai";
				TargetAttributes = {
					B8B9D1612180149800A4022D = {
						CreatedOnToolsVersion = 10.0;
					};
					B8B9D1752180149A00A4022D = {
						CreatedOnToolsVersion = 10.0;
						TestTargetID = B8B9D1612180149800A4022D;
					};
					B8B9D1802180149A00A4022D = {
						CreatedOnToolsVersion = 10.0;
						TestTargetID = B8B9D1612180149800A4022D;
					};
				};
			};
			buildConfigurationList = B8B9D15D2180149800A4022D /* Build configuration list for PBXProject "ikid" */;
			compatibilityVersion = "Xcode 9.3";
			developmentRegion = en;
			hasScannedForEncodings = 0;
			knownRegions = (
				en,
				Base,
			);
			mainGroup = B8B9D1592180149800A4022D;
			productRefGroup = B8B9D1632180149800A4022D /* Products */;
			projectDirPath = "";
			projectRoot = "";
			targets = (
				B8B9D1612180149800A4022D /* ikid */,
				B8B9D1752180149A00A4022D /* ikidTests */,
				B8B9D1802180149A00A4022D /* ikidUITests */,
			);
		};
/* End PBXProject section */

/* Begin PBXResourcesBuildPhase section */
		B8B9D1602180149800A4022D /* Resources */ = {
			isa = PBXResourcesBuildPhase;
			buildActionMask = 2147483647;
			files = (
				B8B9D1702180149A00A4022D /* LaunchScreen.storyboard in Resources */,
				B8B9D16D2180149A00A4022D /* Assets.xcassets in Resources */,
				B8B9D16B2180149800A4022D /* Main.storyboard in Resources */,
			);
			runOnlyForDeploymentPostprocessing = 0;
		};
		B8B9D1742180149A00A4022D /* Resources */ = {
			isa = PBXResourcesBuildPhase;
			buildActionMask = 2147483647;
			files = (
			);
			runOnlyForDeploymentPostprocessing = 0;
		};
		B8B9D17F2180149A00A4022D /* Resources */ = {
			isa = PBXResourcesBuildPhase;
			buildActionMask = 2147483647;
			files = (
			);
			runOnlyForDeploymentPostprocessing = 0;
		};
/* End PBXResourcesBuildPhase section */

/* Begin PBXSourcesBuildPhase section */
		B8B9D15E2180149800A4022D /* Sources */ = {
			isa = PBXSourcesBuildPhase;
			buildActionMask = 2147483647;
			files = (
				B8B9D1682180149800A4022D /* ViewController.swift in Sources */,
				B8B9D1662180149800A4022D /* AppDelegate.swift in Sources */,
				B8B9D1962180250E00A4022D /* JokeViewController.swift in Sources */,
			);
			runOnlyForDeploymentPostprocessing = 0;
		};
		B8B9D1722180149A00A4022D /* Sources */ = {
			isa = PBXSourcesBuildPhase;
			buildActionMask = 2147483647;
			files = (
				B8B9D17B2180149A00A4022D /* ikidTests.swift in Sources */,
			);
			runOnlyForDeploymentPostprocessing = 0;
		};
		B8B9D17D2180149A00A4022D /* Sources */ = {
			isa = PBXSourcesBuildPhase;
			buildActionMask = 2147483647;
			files = (
				B8B9D1862180149A00A4022D /* ikidUITests.swift in Sources */,
			);
			runOnlyForDeploymentPostprocessing = 0;
		};
/* End PBXSourcesBuildPhase section */

/* Begin PBXTargetDependency section */
		B8B9D1782180149A00A4022D /* PBXTargetDependency */ = {
			isa = PBXTargetDependency;
			target = B8B9D1612180149800A4022D /* ikid */;
			targetProxy = B8B9D1772180149A00A4022D /* PBXContainerItemProxy */;
		};
		B8B9D1832180149A00A4022D /* PBXTargetDependency */ = {
			isa = PBXTargetDependency;
			target = B8B9D1612180149800A4022D /* ikid */;
			targetProxy = B8B9D1822180149A00A4022D /* PBXContainerItemProxy */;
		};
/* End PBXTargetDependency section */

/* Begin PBXVariantGroup section */
		B8B9D1692180149800A4022D /* Main.storyboard */ = {
			isa = PBXVariantGroup;
			children = (
				B8B9D16A2180149800A4022D /* Base */,
			);
			name = Main.storyboard;
			sourceTree = "<group>";
		};
		B8B9D16E2180149A00A4022D /* LaunchScreen.storyboard */ = {
			isa = PBXVariantGroup;
			children = (
				B8B9D16F2180149A00A4022D /* Base */,
			);
			name = LaunchScreen.storyboard;
			sourceTree = "<group>";
		};
/* End PBXVariantGroup section */

/* Begin XCBuildConfiguration section */
		B8B9D1882180149A00A4022D /* Debug */ = {
			isa = XCBuildConfiguration;
			buildSettings = {
				ALWAYS_SEARCH_USER_PATHS = NO;
				CLANG_ANALYZER_NONNULL = YES;
				CLANG_ANALYZER_NUMBER_OBJECT_CONVERSION = YES_AGGRESSIVE;
				CLANG_CXX_LANGUAGE_STANDARD = "gnu++14";
				CLANG_CXX_LIBRARY = "libc++";
				CLANG_ENABLE_MODULES = YES;
				CLANG_ENABLE_OBJC_ARC = YES;
				CLANG_ENABLE_OBJC_WEAK = YES;
				CLANG_WARN_BLOCK_CAPTURE_AUTORELEASING = YES;
				CLANG_WARN_BOOL_CONVERSION = YES;
				CLANG_WARN_COMMA = YES;
				CLANG_WARN_CONSTANT_CONVERSION = YES;
				CLANG_WARN_DEPRECATED_OBJC_IMPLEMENTATIONS = YES;
				CLANG_WARN_DIRECT_OBJC_ISA_USAGE = YES_ERROR;
				CLANG_WARN_DOCUMENTATION_COMMENTS = YES;
				CLANG_WARN_EMPTY_BODY = YES;
				CLANG_WARN_ENUM_CONVERSION = YES;
				CLANG_WARN_INFINITE_RECURSION = YES;
				CLANG_WARN_INT_CONVERSION = YES;
				CLANG_WARN_NON_LITERAL_NULL_CONVERSION = YES;
				CLANG_WARN_OBJC_IMPLICIT_RETAIN_SELF = YES;
				CLANG_WARN_OBJC_LITERAL_CONVERSION = YES;
				CLANG_WARN_OBJC_ROOT_CLASS = YES_ERROR;
				CLANG_WARN_RANGE_LOOP_ANALYSIS = YES;
				CLANG_WARN_STRICT_PROTOTYPES = YES;
				CLANG_WARN_SUSPICIOUS_MOVE = YES;
				CLANG_WARN_UNGUARDED_AVAILABILITY = YES_AGGRESSIVE;
				CLANG_WARN_UNREACHABLE_CODE = YES;
				CLANG_WARN__DUPLICATE_METHOD_MATCH = YES;
				CODE_SIGN_IDENTITY = "iPhone Developer";
				COPY_PHASE_STRIP = NO;
				DEBUG_INFORMATION_FORMAT = dwarf;
				ENABLE_STRICT_OBJC_MSGSEND = YES;
				ENABLE_TESTABILITY = YES;
				GCC_C_LANGUAGE_STANDARD = gnu11;
				GCC_DYNAMIC_NO_PIC = NO;
				GCC_NO_COMMON_BLOCKS = YES;
				GCC_OPTIMIZATION_LEVEL = 0;
				GCC_PREPROCESSOR_DEFINITIONS = (
					"DEBUG=1",
					"$(inherited)",
				);
				GCC_WARN_64_TO_32_BIT_CONVERSION = YES;
				GCC_WARN_ABOUT_RETURN_TYPE = YES_ERROR;
				GCC_WARN_UNDECLARED_SELECTOR = YES;
				GCC_WARN_UNINITIALIZED_AUTOS = YES_AGGRESSIVE;
				GCC_WARN_UNUSED_FUNCTION = YES;
				GCC_WARN_UNUSED_VARIABLE = YES;
				IPHONEOS_DEPLOYMENT_TARGET = 12.0;
				MTL_ENABLE_DEBUG_INFO = INCLUDE_SOURCE;
				MTL_FAST_MATH = YES;
				ONLY_ACTIVE_ARCH = YES;
				SDKROOT = iphoneos;
				SWIFT_ACTIVE_COMPILATION_CONDITIONS = DEBUG;
				SWIFT_OPTIMIZATION_LEVEL = "-Onone";
			};
			name = Debug;
		};
		B8B9D1892180149A00A4022D /* Release */ = {
			isa = XCBuildConfiguration;
			buildSettings = {
				ALWAYS_SEARCH_USER_PATHS = NO;
				CLANG_ANALYZER_NONNULL = YES;
				CLANG_ANALYZER_NUMBER_OBJECT_CONVERSION = YES_AGGRESSIVE;
				CLANG_CXX_LANGUAGE_STANDARD = "gnu++14";
				CLANG_CXX_LIBRARY = "libc++";
				CLANG_ENABLE_MODULES = YES;
				CLANG_ENABLE_OBJC_ARC = YES;
				CLANG_ENABLE_OBJC_WEAK = YES;
				CLANG_WARN_BLOCK_CAPTURE_AUTORELEASING = YES;
				CLANG_WARN_BOOL_CONVERSION = YES;
				CLANG_WARN_COMMA = YES;
				CLANG_WARN_CONSTANT_CONVERSION = YES;
				CLANG_WARN_DEPRECATED_OBJC_IMPLEMENTATIONS = YES;
				CLANG_WARN_DIRECT_OBJC_ISA_USAGE = YES_ERROR;
				CLANG_WARN_DOCUMENTATION_COMMENTS = YES;
				CLANG_WARN_EMPTY_BODY = YES;
				CLANG_WARN_ENUM_CONVERSION = YES;
				CLANG_WARN_INFINITE_RECURSION = YES;
				CLANG_WARN_INT_CONVERSION = YES;
				CLANG_WARN_NON_LITERAL_NULL_CONVERSION = YES;
				CLANG_WARN_OBJC_IMPLICIT_RETAIN_SELF = YES;
				CLANG_WARN_OBJC_LITERAL_CONVERSION = YES;
				CLANG_WARN_OBJC_ROOT_CLASS = YES_ERROR;
				CLANG_WARN_RANGE_LOOP_ANALYSIS = YES;
				CLANG_WARN_STRICT_PROTOTYPES = YES;
				CLANG_WARN_SUSPICIOUS_MOVE = YES;
				CLANG_WARN_UNGUARDED_AVAILABILITY = YES_AGGRESSIVE;
				CLANG_WARN_UNREACHABLE_CODE = YES;
				CLANG_WARN__DUPLICATE_METHOD_MATCH = YES;
				CODE_SIGN_IDENTITY = "iPhone Developer";
				COPY_PHASE_STRIP = NO;
				DEBUG_INFORMATION_FORMAT = "dwarf-with-dsym";
				ENABLE_NS_ASSERTIONS = NO;
				ENABLE_STRICT_OBJC_MSGSEND = YES;
				GCC_C_LANGUAGE_STANDARD = gnu11;
				GCC_NO_COMMON_BLOCKS = YES;
				GCC_WARN_64_TO_32_BIT_CONVERSION = YES;
				GCC_WARN_ABOUT_RETURN_TYPE = YES_ERROR;
				GCC_WARN_UNDECLARED_SELECTOR = YES;
				GCC_WARN_UNINITIALIZED_AUTOS = YES_AGGRESSIVE;
				GCC_WARN_UNUSED_FUNCTION = YES;
				GCC_WARN_UNUSED_VARIABLE = YES;
				IPHONEOS_DEPLOYMENT_TARGET = 12.0;
				MTL_ENABLE_DEBUG_INFO = NO;
				MTL_FAST_MATH = YES;
				SDKROOT = iphoneos;
				SWIFT_COMPILATION_MODE = wholemodule;
				SWIFT_OPTIMIZATION_LEVEL = "-O";
				VALIDATE_PRODUCT = YES;
			};
			name = Release;
		};
		B8B9D18B2180149A00A4022D /* Debug */ = {
			isa = XCBuildConfiguration;
			buildSettings = {
				ASSETCATALOG_COMPILER_APPICON_NAME = AppIcon;
				CODE_SIGN_STYLE = Automatic;
				DEVELOPMENT_TEAM = GQFCG2977Z;
				INFOPLIST_FILE = ikid/Info.plist;
				LD_RUNPATH_SEARCH_PATHS = (
					"$(inherited)",
					"@executable_path/Frameworks",
				);
				PRODUCT_BUNDLE_IDENTIFIER = trrai.ikid;
				PRODUCT_NAME = "$(TARGET_NAME)";
				SWIFT_VERSION = 4.2;
				TARGETED_DEVICE_FAMILY = "1,2";
			};
			name = Debug;
		};
		B8B9D18C2180149A00A4022D /* Release */ = {
			isa = XCBuildConfiguration;
			buildSettings = {
				ASSETCATALOG_COMPILER_APPICON_NAME = AppIcon;
				CODE_SIGN_STYLE = Automatic;
				DEVELOPMENT_TEAM = GQFCG2977Z;
				INFOPLIST_FILE = ikid/Info.plist;
				LD_RUNPATH_SEARCH_PATHS = (
					"$(inherited)",
					"@executable_path/Frameworks",
				);
				PRODUCT_BUNDLE_IDENTIFIER = trrai.ikid;
				PRODUCT_NAME = "$(TARGET_NAME)";
				SWIFT_VERSION = 4.2;
				TARGETED_DEVICE_FAMILY = "1,2";
			};
			name = Release;
		};
		B8B9D18E2180149A00A4022D /* Debug */ = {
			isa = XCBuildConfiguration;
			buildSettings = {
				ALWAYS_EMBED_SWIFT_STANDARD_LIBRARIES = YES;
				BUNDLE_LOADER = "$(TEST_HOST)";
				CODE_SIGN_STYLE = Automatic;
				DEVELOPMENT_TEAM = GQFCG2977Z;
				INFOPLIST_FILE = ikidTests/Info.plist;
				LD_RUNPATH_SEARCH_PATHS = (
					"$(inherited)",
					"@executable_path/Frameworks",
					"@loader_path/Frameworks",
				);
				PRODUCT_BUNDLE_IDENTIFIER = trrai.ikidTests;
				PRODUCT_NAME = "$(TARGET_NAME)";
				SWIFT_VERSION = 4.2;
				TARGETED_DEVICE_FAMILY = "1,2";
				TEST_HOST = "$(BUILT_PRODUCTS_DIR)/ikid.app/ikid";
			};
			name = Debug;
		};
		B8B9D18F2180149A00A4022D /* Release */ = {
			isa = XCBuildConfiguration;
			buildSettings = {
				ALWAYS_EMBED_SWIFT_STANDARD_LIBRARIES = YES;
				BUNDLE_LOADER = "$(TEST_HOST)";
				CODE_SIGN_STYLE = Automatic;
				DEVELOPMENT_TEAM = GQFCG2977Z;
				INFOPLIST_FILE = ikidTests/Info.plist;
				LD_RUNPATH_SEARCH_PATHS = (
					"$(inherited)",
					"@executable_path/Frameworks",
					"@loader_path/Frameworks",
				);
				PRODUCT_BUNDLE_IDENTIFIER = trrai.ikidTests;
				PRODUCT_NAME = "$(TARGET_NAME)";
				SWIFT_VERSION = 4.2;
				TARGETED_DEVICE_FAMILY = "1,2";
				TEST_HOST = "$(BUILT_PRODUCTS_DIR)/ikid.app/ikid";
			};
			name = Release;
		};
		B8B9D1912180149A00A4022D /* Debug */ = {
			isa = XCBuildConfiguration;
			buildSettings = {
				ALWAYS_EMBED_SWIFT_STANDARD_LIBRARIES = YES;
				CODE_SIGN_STYLE = Automatic;
				DEVELOPMENT_TEAM = GQFCG2977Z;
				INFOPLIST_FILE = ikidUITests/Info.plist;
				LD_RUNPATH_SEARCH_PATHS = (
					"$(inherited)",
					"@executable_path/Frameworks",
					"@loader_path/Frameworks",
				);
				PRODUCT_BUNDLE_IDENTIFIER = trrai.ikidUITests;
				PRODUCT_NAME = "$(TARGET_NAME)";
				SWIFT_VERSION = 4.2;
				TARGETED_DEVICE_FAMILY = "1,2";
				TEST_TARGET_NAME = ikid;
			};
			name = Debug;
		};
		B8B9D1922180149A00A4022D /* Release */ = {
			isa = XCBuildConfiguration;
			buildSettings = {
				ALWAYS_EMBED_SWIFT_STANDARD_LIBRARIES = YES;
				CODE_SIGN_STYLE = Automatic;
				DEVELOPMENT_TEAM = GQFCG2977Z;
				INFOPLIST_FILE = ikidUITests/Info.plist;
				LD_RUNPATH_SEARCH_PATHS = (
					"$(inherited)",
					"@executable_path/Frameworks",
					"@loader_path/Frameworks",
				);
				PRODUCT_BUNDLE_IDENTIFIER = trrai.ikidUITests;
				PRODUCT_NAME = "$(TARGET_NAME)";
				SWIFT_VERSION = 4.2;
				TARGETED_DEVICE_FAMILY = "1,2";
				TEST_TARGET_NAME = ikid;
			};
			name = Release;
		};
/* End XCBuildConfiguration section */

/* Begin XCConfigurationList section */
		B8B9D15D2180149800A4022D /* Build configuration list for PBXProject "ikid" */ = {
			isa = XCConfigurationList;
			buildConfigurations = (
				B8B9D1882180149A00A4022D /* Debug */,
				B8B9D1892180149A00A4022D /* Release */,
			);
			defaultConfigurationIsVisible = 0;
			defaultConfigurationName = Release;
		};
		B8B9D18A2180149A00A4022D /* Build configuration list for PBXNativeTarget "ikid" */ = {
			isa = XCConfigurationList;
			buildConfigurations = (
				B8B9D18B2180149A00A4022D /* Debug */,
				B8B9D18C2180149A00A4022D /* Release */,
			);
			defaultConfigurationIsVisible = 0;
			defaultConfigurationName = Release;
		};
		B8B9D18D2180149A00A4022D /* Build configuration list for PBXNativeTarget "ikidTests" */ = {
			isa = XCConfigurationList;
			buildConfigurations = (
				B8B9D18E2180149A00A4022D /* Debug */,
				B8B9D18F2180149A00A4022D /* Release */,
			);
			defaultConfigurationIsVisible = 0;
			defaultConfigurationName = Release;
		};
		B8B9D1902180149A00A4022D /* Build configuration list for PBXNativeTarget "ikidUITests" */ = {
			isa = XCConfigurationList;
			buildConfigurations = (
				B8B9D1912180149A00A4022D /* Debug */,
				B8B9D1922180149A00A4022D /* Release */,
			);
			defaultConfigurationIsVisible = 0;
			defaultConfigurationName = Release;
		};
/* End XCConfigurationList section */
	};
	rootObject = B8B9D15A2180149800A4022D /* Project object */;
}
